
Microsoft Visual Studio Solution File, Format Version 12.00
# Visual Studio 2013
VisualStudioVersion = 12.0.31101.0
MinimumVisualStudioVersion = 10.0.40219.1
Project("{FAE04EC0-301F-11D3-BF4B-00C04F79EFBC}") = "WavePlayer.UI", "WavePlayer.UI\WavePlayer.UI.csproj", "{B22E02A6-4908-465B-A735-2F8371365520}"
EndProject
Project("{2150E333-8FDC-42A3-9474-1A3956D46DE8}") = ".nuget", ".nuget", "{6894BF0F-46BA-492D-A311-D7CD8BD4CB9A}"
	ProjectSection(SolutionItems) = preProject
		.nuget\NuGet.Config = .nuget\NuGet.Config
		.nuget\NuGet.exe = .nuget\NuGet.exe
		.nuget\NuGet.targets = .nuget\NuGet.targets
	EndProjectSection
EndProject
Project("{FAE04EC0-301F-11D3-BF4B-00C04F79EFBC}") = "WavePlayer", "WavePlayer\WavePlayer.csproj", "{DCDD913B-6022-4F69-9E2F-554D1A4EC3B2}"
EndProject
Project("{2150E333-8FDC-42A3-9474-1A3956D46DE8}") = "dependencies", "dependencies", "{D803DCA7-68B3-434C-A41A-00AD1C4B86C3}"
EndProject
Project("{FAE04EC0-301F-11D3-BF4B-00C04F79EFBC}") = "vksdk", "..\vksdk\vksdk\vksdk.csproj", "{75AB15D9-2CBC-4827-B28E-785856D6F465}"
EndProject
Project("{930C7802-8A8C-48F9-8165-68863BCCD9DD}") = "WavePlayer.Setup", "WavePlayer.Setup\WavePlayer.Setup.wixproj", "{0A4A3970-B547-4C8D-BAFB-A60FBD2875FF}"
EndProject
Global
	GlobalSection(SolutionConfigurationPlatforms) = preSolution
		Debug|Any CPU = Debug|Any CPU
		Release|Any CPU = Release|Any CPU
	EndGlobalSection
	GlobalSection(ProjectConfigurationPlatforms) = postSolution
		{B22E02A6-4908-465B-A735-2F8371365520}.Debug|Any CPU.ActiveCfg = Debug|x86
		{B22E02A6-4908-465B-A735-2F8371365520}.Debug|Any CPU.Build.0 = Debug|x86
		{B22E02A6-4908-465B-A735-2F8371365520}.Release|Any CPU.ActiveCfg = Release|x86
		{B22E02A6-4908-465B-A735-2F8371365520}.Release|Any CPU.Build.0 = Release|x86
		{DCDD913B-6022-4F69-9E2F-554D1A4EC3B2}.Debug|Any CPU.ActiveCfg = Debug|x86
		{DCDD913B-6022-4F69-9E2F-554D1A4EC3B2}.Debug|Any CPU.Build.0 = Debug|x86
		{DCDD913B-6022-4F69-9E2F-554D1A4EC3B2}.Release|Any CPU.ActiveCfg = Release|x86
		{DCDD913B-6022-4F69-9E2F-554D1A4EC3B2}.Release|Any CPU.Build.0 = Release|x86
		{75AB15D9-2CBC-4827-B28E-785856D6F465}.Debug|Any CPU.ActiveCfg = Debug|Any CPU
		{75AB15D9-2CBC-4827-B28E-785856D6F465}.Debug|Any CPU.Build.0 = Debug|Any CPU
		{75AB15D9-2CBC-4827-B28E-785856D6F465}.Release|Any CPU.ActiveCfg = Release|Any CPU
		{75AB15D9-2CBC-4827-B28E-785856D6F465}.Release|Any CPU.Build.0 = Release|Any CPU
		{0A4A3970-B547-4C8D-BAFB-A60FBD2875FF}.Debug|Any CPU.ActiveCfg = Debug|x86
		{0A4A3970-B547-4C8D-BAFB-A60FBD2875FF}.Debug|Any CPU.Build.0 = Debug|x86
		{0A4A3970-B547-4C8D-BAFB-A60FBD2875FF}.Release|Any CPU.ActiveCfg = Release|x86
		{0A4A3970-B547-4C8D-BAFB-A60FBD2875FF}.Release|Any CPU.Build.0 = Release|x86
	EndGlobalSection
	GlobalSection(SolutionProperties) = preSolution
		HideSolutionNode = FALSE
	EndGlobalSection
	GlobalSection(NestedProjects) = preSolution
		{75AB15D9-2CBC-4827-B28E-785856D6F465} = {D803DCA7-68B3-434C-A41A-00AD1C4B86C3}
	EndGlobalSection
EndGlobal
